
Microsoft Visual Studio Solution File, Format Version 12.00
# Visual Studio Version 16
VisualStudioVersion = 16.0.30204.135
MinimumVisualStudioVersion = 10.0.40219.1
Project("{FAE04EC0-301F-11D3-BF4B-00C04F79EFBC}") = "QuizApi", "QuizApi\QuizApi.csproj", "{D530E342-9A05-4C58-A466-7E1E08EC6F67}"
EndProject
Global
	GlobalSection(SolutionConfigurationPlatforms) = preSolution
		Debug|Any CPU = Debug|Any CPU
		Release|Any CPU = Release|Any CPU
	EndGlobalSection
	GlobalSection(ProjectConfigurationPlatforms) = postSolution
		{D530E342-9A05-4C58-A466-7E1E08EC6F67}.Debug|Any CPU.ActiveCfg = Debug|Any CPU
		{D530E342-9A05-4C58-A466-7E1E08EC6F67}.Debug|Any CPU.Build.0 = Debug|Any CPU
		{D530E342-9A05-4C58-A466-7E1E08EC6F67}.Release|Any CPU.ActiveCfg = Release|Any CPU
		{D530E342-9A05-4C58-A466-7E1E08EC6F67}.Release|Any CPU.Build.0 = Release|Any CPU
	EndGlobalSection
	GlobalSection(SolutionProperties) = preSolution
		HideSolutionNode = FALSE
	EndGlobalSection
	GlobalSection(ExtensibilityGlobals) = postSolution
		SolutionGuid = {D906A951-B4A6-472D-99F0-6A7FD826EBC0}
	EndGlobalSection
EndGlobal
